
Microsoft Visual Studio Solution File, Format Version 12.00
# Visual Studio Version 16
VisualStudioVersion = 16.0.31205.134
MinimumVisualStudioVersion = 10.0.40219.1
Project("{FAE04EC0-301F-11D3-BF4B-00C04F79EFBC}") = "ImprovedBroadCast", "ImprovedBroadCast\ImprovedBroadCast.csproj", "{1F32EA2A-AB83-4A96-A8D8-73852F22A74B}"
EndProject
Global
	GlobalSection(SolutionConfigurationPlatforms) = preSolution
		Debug|Any CPU = Debug|Any CPU
		Release|Any CPU = Release|Any CPU
	EndGlobalSection
	GlobalSection(ProjectConfigurationPlatforms) = postSolution
		{1F32EA2A-AB83-4A96-A8D8-73852F22A74B}.Debug|Any CPU.ActiveCfg = Debug|Any CPU
		{1F32EA2A-AB83-4A96-A8D8-73852F22A74B}.Debug|Any CPU.Build.0 = Debug|Any CPU
		{1F32EA2A-AB83-4A96-A8D8-73852F22A74B}.Release|Any CPU.ActiveCfg = Release|Any CPU
		{1F32EA2A-AB83-4A96-A8D8-73852F22A74B}.Release|Any CPU.Build.0 = Release|Any CPU
	EndGlobalSection
	GlobalSection(SolutionProperties) = preSolution
		HideSolutionNode = FALSE
	EndGlobalSection
	GlobalSection(ExtensibilityGlobals) = postSolution
		SolutionGuid = {12A50199-B65B-4A25-9A23-24D010241E23}
	EndGlobalSection
EndGlobal
